github.com/bwmarrin/discordgo v0.29.1-0.20260214123928-f43dd94faaac h1:W9t/lhAHWwtLHME/ceUE5c49Wl+5jnOVcEezmjlJ0Fc=
github.com/bwmarrin/discordgo v0.29.1-0.20260214123928-f43dd94faaac/go.mod h1:JsaNXATZGUDc+uiR1/TGW4Aq4IKc2Hh/O8LhsBiSIBs=
github.com/gorilla/websocket v1.4.2 h1:+/TMaTYc4QFitKJxsQ7Yye35DkWvkdLcvGKqM+x0Ufc=
github.com/gorilla/websocket v1.4.2/go.mod h1:YR8l580nyteQvAITg2hZ9XVh4b55+EU/adAjf1fMHhE=
github.com/joho/godotenv v1.5.1 h1:7eLL/+HRGLY0ldzfGMeQkb7vMd0as4CfYvUVzLqw0N0=
github.com/joho/godotenv v1.5.1/go.mod h1:f4LDr5Voq0i2e/R5DDNOoa2zzDfwtkZa6DnEwAbqwq4=
layeh.com/gopus v0.0.0-20210501142526-1ee02d434e32 h1:/S1gOotFo2sADAIdSGk1sDq1VxetoCWr6f5nxOG0dpY=
layeh.com/gopus v0.0.0-20210501142526-1ee02d434e32/go.mod h1:yDtyzWZDFCVnva8NGtg38eH2Ns4J0D/6hD+MMeUGdF0=
